// !$*UTF8*$!
{
	archiveVersion = 1;
	classes = {
	};
	objectVersion = 56;
	objects = {

/* Begin PBXBuildFile section */
		8C06B8882AFAA9AC00E4734F /* random_quran_verseApp.swift in Sources */ = {isa = PBXBuildFile; fileRef = 8C06B8872AFAA9AC00E4734F /* random_quran_verseApp.swift */; };
		8C06B88A2AFAA9AC00E4734F /* ContentView.swift in Sources */ = {isa = PBXBuildFile; fileRef = 8C06B8892AFAA9AC00E4734F /* ContentView.swift */; };
		8C06B88C2AFAA9AC00E4734F /* Assets.xcassets in Resources */ = {isa = PBXBuildFile; fileRef = 8C06B88B2AFAA9AC00E4734F /* Assets.xcassets */; };
		8C06B88F2AFAA9AC00E4734F /* Preview Assets.xcassets in Resources */ = {isa = PBXBuildFile; fileRef = 8C06B88E2AFAA9AC00E4734F /* Preview Assets.xcassets */; };
		8C06B8912AFAA9AC00E4734F /* Persistence.swift in Sources */ = {isa = PBXBuildFile; fileRef = 8C06B8902AFAA9AC00E4734F /* Persistence.swift */; };
		8C06B8942AFAA9AC00E4734F /* random_quran_verse.xcdatamodeld in Sources */ = {isa = PBXBuildFile; fileRef = 8C06B8922AFAA9AC00E4734F /* random_quran_verse.xcdatamodeld */; };
		8C06B89F2AFAA9AD00E4734F /* random_quran_verseTests.swift in Sources */ = {isa = PBXBuildFile; fileRef = 8C06B89E2AFAA9AD00E4734F /* random_quran_verseTests.swift */; };
		8C06B8A92AFAA9AD00E4734F /* random_quran_verseUITests.swift in Sources */ = {isa = PBXBuildFile; fileRef = 8C06B8A82AFAA9AD00E4734F /* random_quran_verseUITests.swift */; };
		8C06B8AB2AFAA9AD00E4734F /* random_quran_verseUITestsLaunchTests.swift in Sources */ = {isa = PBXBuildFile; fileRef = 8C06B8AA2AFAA9AD00E4734F /* random_quran_verseUITestsLaunchTests.swift */; };
/* End PBXBuildFile section */

/* Begin PBXContainerItemProxy section */
		8C06B89B2AFAA9AD00E4734F /* PBXContainerItemProxy */ = {
			isa = PBXContainerItemProxy;
			containerPortal = 8C06B87C2AFAA9AC00E4734F /* Project object */;
			proxyType = 1;
			remoteGlobalIDString = 8C06B8832AFAA9AC00E4734F;
			remoteInfo = "random quran verse";
		};
		8C06B8A52AFAA9AD00E4734F /* PBXContainerItemProxy */ = {
			isa = PBXContainerItemProxy;
			containerPortal = 8C06B87C2AFAA9AC00E4734F /* Project object */;
			proxyType = 1;
			remoteGlobalIDString = 8C06B8832AFAA9AC00E4734F;
			remoteInfo = "random quran verse";
		};
/* End PBXContainerItemProxy section */

/* Begin PBXFileReference section */
		8C06B8842AFAA9AC00E4734F /* random quran verse.app */ = {isa = PBXFileReference; explicitFileType = wrapper.application; includeInIndex = 0; path = "random quran verse.app"; sourceTree = BUILT_PRODUCTS_DIR; };
		8C06B8872AFAA9AC00E4734F /* random_quran_verseApp.swift */ = {isa = PBXFileReference; lastKnownFileType = sourcecode.swift; path = random_quran_verseApp.swift; sourceTree = "<group>"; };
		8C06B8892AFAA9AC00E4734F /* ContentView.swift */ = {isa = PBXFileReference; lastKnownFileType = sourcecode.swift; path = ContentView.swift; sourceTree = "<group>"; };
		8C06B88B2AFAA9AC00E4734F /* Assets.xcassets */ = {isa = PBXFileReference; lastKnownFileType = folder.assetcatalog; path = Assets.xcassets; sourceTree = "<group>"; };
		8C06B88E2AFAA9AC00E4734F /* Preview Assets.xcassets */ = {isa = PBXFileReference; lastKnownFileType = folder.assetcatalog; path = "Preview Assets.xcassets"; sourceTree = "<group>"; };
		8C06B8902AFAA9AC00E4734F /* Persistence.swift */ = {isa = PBXFileReference; lastKnownFileType = sourcecode.swift; path = Persistence.swift; sourceTree = "<group>"; };
		8C06B8932AFAA9AC00E4734F /* random_quran_verse.xcdatamodel */ = {isa = PBXFileReference; lastKnownFileType = wrapper.xcdatamodel; path = random_quran_verse.xcdatamodel; sourceTree = "<group>"; };
		8C06B8952AFAA9AC00E4734F /* Info.plist */ = {isa = PBXFileReference; lastKnownFileType = text.plist.xml; path = Info.plist; sourceTree = "<group>"; };
		8C06B89A2AFAA9AD00E4734F /* random quran verseTests.xctest */ = {isa = PBXFileReference; explicitFileType = wrapper.cfbundle; includeInIndex = 0; path = "random quran verseTests.xctest"; sourceTree = BUILT_PRODUCTS_DIR; };
		8C06B89E2AFAA9AD00E4734F /* random_quran_verseTests.swift */ = {isa = PBXFileReference; lastKnownFileType = sourcecode.swift; path = random_quran_verseTests.swift; sourceTree = "<group>"; };
		8C06B8A42AFAA9AD00E4734F /* random quran verseUITests.xctest */ = {isa = PBXFileReference; explicitFileType = wrapper.cfbundle; includeInIndex = 0; path = "random quran verseUITests.xctest"; sourceTree = BUILT_PRODUCTS_DIR; };
		8C06B8A82AFAA9AD00E4734F /* random_quran_verseUITests.swift */ = {isa = PBXFileReference; lastKnownFileType = sourcecode.swift; path = random_quran_verseUITests.swift; sourceTree = "<group>"; };
		8C06B8AA2AFAA9AD00E4734F /* random_quran_verseUITestsLaunchTests.swift */ = {isa = PBXFileReference; lastKnownFileType = sourcecode.swift; path = random_quran_verseUITestsLaunchTests.swift; sourceTree = "<group>"; };
/* End PBXFileReference section */

/* Begin PBXFrameworksBuildPhase section */
		8C06B8812AFAA9AC00E4734F /* Frameworks */ = {
			isa = PBXFrameworksBuildPhase;
			buildActionMask = 2147483647;
			files = (
			);
			runOnlyForDeploymentPostprocessing = 0;
		};
		8C06B8972AFAA9AD00E4734F /* Frameworks */ = {
			isa = PBXFrameworksBuildPhase;
			buildActionMask = 2147483647;
			files = (
			);
			runOnlyForDeploymentPostprocessing = 0;
		};
		8C06B8A12AFAA9AD00E4734F /* Frameworks */ = {
			isa = PBXFrameworksBuildPhase;
			buildActionMask = 2147483647;
			files = (
			);
			runOnlyForDeploymentPostprocessing = 0;
		};
/* End PBXFrameworksBuildPhase section */

/* Begin PBXGroup section */
		8C06B87B2AFAA9AC00E4734F = {
			isa = PBXGroup;
			children = (
				8C06B8862AFAA9AC00E4734F /* random quran verse */,
				8C06B89D2AFAA9AD00E4734F /* random quran verseTests */,
				8C06B8A72AFAA9AD00E4734F /* random quran verseUITests */,
				8C06B8852AFAA9AC00E4734F /* Products */,
			);
			sourceTree = "<group>";
		};
		8C06B8852AFAA9AC00E4734F /* Products */ = {
			isa = PBXGroup;
			children = (
				8C06B8842AFAA9AC00E4734F /* random quran verse.app */,
				8C06B89A2AFAA9AD00E4734F /* random quran verseTests.xctest */,
				8C06B8A42AFAA9AD00E4734F /* random quran verseUITests.xctest */,
			);
			name = Products;
			sourceTree = "<group>";
		};
		8C06B8862AFAA9AC00E4734F /* random quran verse */ = {
			isa = PBXGroup;
			children = (
				8C06B8872AFAA9AC00E4734F /* random_quran_verseApp.swift */,
				8C06B8892AFAA9AC00E4734F /* ContentView.swift */,
				8C06B88B2AFAA9AC00E4734F /* Assets.xcassets */,
				8C06B8902AFAA9AC00E4734F /* Persistence.swift */,
				8C06B8952AFAA9AC00E4734F /* Info.plist */,
				8C06B8922AFAA9AC00E4734F /* random_quran_verse.xcdatamodeld */,
				8C06B88D2AFAA9AC00E4734F /* Preview Content */,
			);
			path = "random quran verse";
			sourceTree = "<group>";
		};
		8C06B88D2AFAA9AC00E4734F /* Preview Content */ = {
			isa = PBXGroup;
			children = (
				8C06B88E2AFAA9AC00E4734F /* Preview Assets.xcassets */,
			);
			path = "Preview Content";
			sourceTree = "<group>";
		};
		8C06B89D2AFAA9AD00E4734F /* random quran verseTests */ = {
			isa = PBXGroup;
			children = (
				8C06B89E2AFAA9AD00E4734F /* random_quran_verseTests.swift */,
			);
			path = "random quran verseTests";
			sourceTree = "<group>";
		};
		8C06B8A72AFAA9AD00E4734F /* random quran verseUITests */ = {
			isa = PBXGroup;
			children = (
				8C06B8A82AFAA9AD00E4734F /* random_quran_verseUITests.swift */,
				8C06B8AA2AFAA9AD00E4734F /* random_quran_verseUITestsLaunchTests.swift */,
			);
			path = "random quran verseUITests";
			sourceTree = "<group>";
		};
/* End PBXGroup section */

/* Begin PBXNativeTarget section */
		8C06B8832AFAA9AC00E4734F /* random quran verse */ = {
			isa = PBXNativeTarget;
			buildConfigurationList = 8C06B8AE2AFAA9AD00E4734F /* Build configuration list for PBXNativeTarget "random quran verse" */;
			buildPhases = (
				8C06B8802AFAA9AC00E4734F /* Sources */,
				8C06B8812AFAA9AC00E4734F /* Frameworks */,
				8C06B8822AFAA9AC00E4734F /* Resources */,
			);
			buildRules = (
			);
			dependencies = (
			);
			name = "random quran verse";
			productName = "random quran verse";
			productReference = 8C06B8842AFAA9AC00E4734F /* random quran verse.app */;
			productType = "com.apple.product-type.application";
		};
		8C06B8992AFAA9AD00E4734F /* random quran verseTests */ = {
			isa = PBXNativeTarget;
			buildConfigurationList = 8C06B8B12AFAA9AD00E4734F /* Build configuration list for PBXNativeTarget "random quran verseTests" */;
			buildPhases = (
				8C06B8962AFAA9AD00E4734F /* Sources */,
				8C06B8972AFAA9AD00E4734F /* Frameworks */,
				8C06B8982AFAA9AD00E4734F /* Resources */,
			);
			buildRules = (
			);
			dependencies = (
				8C06B89C2AFAA9AD00E4734F /* PBXTargetDependency */,
			);
			name = "random quran verseTests";
			productName = "random quran verseTests";
			productReference = 8C06B89A2AFAA9AD00E4734F /* random quran verseTests.xctest */;
			productType = "com.apple.product-type.bundle.unit-test";
		};
		8C06B8A32AFAA9AD00E4734F /* random quran verseUITests */ = {
			isa = PBXNativeTarget;
			buildConfigurationList = 8C06B8B42AFAA9AD00E4734F /* Build configuration list for PBXNativeTarget "random quran verseUITests" */;
			buildPhases = (
				8C06B8A02AFAA9AD00E4734F /* Sources */,
				8C06B8A12AFAA9AD00E4734F /* Frameworks */,
				8C06B8A22AFAA9AD00E4734F /* Resources */,
			);
			buildRules = (
			);
			dependencies = (
				8C06B8A62AFAA9AD00E4734F /* PBXTargetDependency */,
			);
			name = "random quran verseUITests";
			productName = "random quran verseUITests";
			productReference = 8C06B8A42AFAA9AD00E4734F /* random quran verseUITests.xctest */;
			productType = "com.apple.product-type.bundle.ui-testing";
		};
/* End PBXNativeTarget section */

/* Begin PBXProject section */
		8C06B87C2AFAA9AC00E4734F /* Project object */ = {
			isa = PBXProject;
			attributes = {
				BuildIndependentTargetsInParallel = 1;
				LastSwiftUpdateCheck = 1430;
				LastUpgradeCheck = 1430;
				TargetAttributes = {
					8C06B8832AFAA9AC00E4734F = {
						CreatedOnToolsVersion = 14.3.1;
					};
					8C06B8992AFAA9AD00E4734F = {
						CreatedOnToolsVersion = 14.3.1;
						TestTargetID = 8C06B8832AFAA9AC00E4734F;
					};
					8C06B8A32AFAA9AD00E4734F = {
						CreatedOnToolsVersion = 14.3.1;
						TestTargetID = 8C06B8832AFAA9AC00E4734F;
					};
				};
			};
			buildConfigurationList = 8C06B87F2AFAA9AC00E4734F /* Build configuration list for PBXProject "random quran verse" */;
			compatibilityVersion = "Xcode 14.0";
			developmentRegion = en;
			hasScannedForEncodings = 0;
			knownRegions = (
				en,
				Base,
			);
			mainGroup = 8C06B87B2AFAA9AC00E4734F;
			productRefGroup = 8C06B8852AFAA9AC00E4734F /* Products */;
			projectDirPath = "";
			projectRoot = "";
			targets = (
				8C06B8832AFAA9AC00E4734F /* random quran verse */,
				8C06B8992AFAA9AD00E4734F /* random quran verseTests */,
				8C06B8A32AFAA9AD00E4734F /* random quran verseUITests */,
			);
		};
/* End PBXProject section */

/* Begin PBXResourcesBuildPhase section */
		8C06B8822AFAA9AC00E4734F /* Resources */ = {
			isa = PBXResourcesBuildPhase;
			buildActionMask = 2147483647;
			files = (
				8C06B88F2AFAA9AC00E4734F /* Preview Assets.xcassets in Resources */,
				8C06B88C2AFAA9AC00E4734F /* Assets.xcassets in Resources */,
			);
			runOnlyForDeploymentPostprocessing = 0;
		};
		8C06B8982AFAA9AD00E4734F /* Resources */ = {
			isa = PBXResourcesBuildPhase;
			buildActionMask = 2147483647;
			files = (
			);
			runOnlyForDeploymentPostprocessing = 0;
		};
		8C06B8A22AFAA9AD00E4734F /* Resources */ = {
			isa = PBXResourcesBuildPhase;
			buildActionMask = 2147483647;
			files = (
			);
			runOnlyForDeploymentPostprocessing = 0;
		};
/* End PBXResourcesBuildPhase section */

/* Begin PBXSourcesBuildPhase section */
		8C06B8802AFAA9AC00E4734F /* Sources */ = {
			isa = PBXSourcesBuildPhase;
			buildActionMask = 2147483647;
			files = (
				8C06B8912AFAA9AC00E4734F /* Persistence.swift in Sources */,
				8C06B88A2AFAA9AC00E4734F /* ContentView.swift in Sources */,
				8C06B8942AFAA9AC00E4734F /* random_quran_verse.xcdatamodeld in Sources */,
				8C06B8882AFAA9AC00E4734F /* random_quran_verseApp.swift in Sources */,
			);
			runOnlyForDeploymentPostprocessing = 0;
		};
		8C06B8962AFAA9AD00E4734F /* Sources */ = {
			isa = PBXSourcesBuildPhase;
			buildActionMask = 2147483647;
			files = (
				8C06B89F2AFAA9AD00E4734F /* random_quran_verseTests.swift in Sources */,
			);
			runOnlyForDeploymentPostprocessing = 0;
		};
		8C06B8A02AFAA9AD00E4734F /* Sources */ = {
			isa = PBXSourcesBuildPhase;
			buildActionMask = 2147483647;
			files = (
				8C06B8A92AFAA9AD00E4734F /* random_quran_verseUITests.swift in Sources */,
				8C06B8AB2AFAA9AD00E4734F /* random_quran_verseUITestsLaunchTests.swift in Sources */,
			);
			runOnlyForDeploymentPostprocessing = 0;
		};
/* End PBXSourcesBuildPhase section */

/* Begin PBXTargetDependency section */
		8C06B89C2AFAA9AD00E4734F /* PBXTargetDependency */ = {
			isa = PBXTargetDependency;
			target = 8C06B8832AFAA9AC00E4734F /* random quran verse */;
			targetProxy = 8C06B89B2AFAA9AD00E4734F /* PBXContainerItemProxy */;
		};
		8C06B8A62AFAA9AD00E4734F /* PBXTargetDependency */ = {
			isa = PBXTargetDependency;
			target = 8C06B8832AFAA9AC00E4734F /* random quran verse */;
			targetProxy = 8C06B8A52AFAA9AD00E4734F /* PBXContainerItemProxy */;
		};
/* End PBXTargetDependency section */

/* Begin XCBuildConfiguration section */
		8C06B8AC2AFAA9AD00E4734F /* Debug */ = {
			isa = XCBuildConfiguration;
			buildSettings = {
				ALWAYS_SEARCH_USER_PATHS = NO;
				CLANG_ANALYZER_NONNULL = YES;
				CLANG_ANALYZER_NUMBER_OBJECT_CONVERSION = YES_AGGRESSIVE;
				CLANG_CXX_LANGUAGE_STANDARD = "gnu++20";
				CLANG_ENABLE_MODULES = YES;
				CLANG_ENABLE_OBJC_ARC = YES;
				CLANG_ENABLE_OBJC_WEAK = YES;
				CLANG_WARN_BLOCK_CAPTURE_AUTORELEASING = YES;
				CLANG_WARN_BOOL_CONVERSION = YES;
				CLANG_WARN_COMMA = YES;
				CLANG_WARN_CONSTANT_CONVERSION = YES;
				CLANG_WARN_DEPRECATED_OBJC_IMPLEMENTATIONS = YES;
				CLANG_WARN_DIRECT_OBJC_ISA_USAGE = YES_ERROR;
				CLANG_WARN_DOCUMENTATION_COMMENTS = YES;
				CLANG_WARN_EMPTY_BODY = YES;
				CLANG_WARN_ENUM_CONVERSION = YES;
				CLANG_WARN_INFINITE_RECURSION = YES;
				CLANG_WARN_INT_CONVERSION = YES;
				CLANG_WARN_NON_LITERAL_NULL_CONVERSION = YES;
				CLANG_WARN_OBJC_IMPLICIT_RETAIN_SELF = YES;
				CLANG_WARN_OBJC_LITERAL_CONVERSION = YES;
				CLANG_WARN_OBJC_ROOT_CLASS = YES_ERROR;
				CLANG_WARN_QUOTED_INCLUDE_IN_FRAMEWORK_HEADER = YES;
				CLANG_WARN_RANGE_LOOP_ANALYSIS = YES;
				CLANG_WARN_STRICT_PROTOTYPES = YES;
				CLANG_WARN_SUSPICIOUS_MOVE = YES;
				CLANG_WARN_UNGUARDED_AVAILABILITY = YES_AGGRESSIVE;
				CLANG_WARN_UNREACHABLE_CODE = YES;
				CLANG_WARN__DUPLICATE_METHOD_MATCH = YES;
				COPY_PHASE_STRIP = NO;
				DEBUG_INFORMATION_FORMAT = dwarf;
				ENABLE_STRICT_OBJC_MSGSEND = YES;
				ENABLE_TESTABILITY = YES;
				GCC_C_LANGUAGE_STANDARD = gnu11;
				GCC_DYNAMIC_NO_PIC = NO;
				GCC_NO_COMMON_BLOCKS = YES;
				GCC_OPTIMIZATION_LEVEL = 0;
				GCC_PREPROCESSOR_DEFINITIONS = (
					"DEBUG=1",
					"$(inherited)",
				);
				GCC_WARN_64_TO_32_BIT_CONVERSION = YES;
				GCC_WARN_ABOUT_RETURN_TYPE = YES_ERROR;
				GCC_WARN_UNDECLARED_SELECTOR = YES;
				GCC_WARN_UNINITIALIZED_AUTOS = YES_AGGRESSIVE;
				GCC_WARN_UNUSED_FUNCTION = YES;
				GCC_WARN_UNUSED_VARIABLE = YES;
				IPHONEOS_DEPLOYMENT_TARGET = 16.4;
				MTL_ENABLE_DEBUG_INFO = INCLUDE_SOURCE;
				MTL_FAST_MATH = YES;
				ONLY_ACTIVE_ARCH = YES;
				SDKROOT = iphoneos;
				SWIFT_ACTIVE_COMPILATION_CONDITIONS = DEBUG;
				SWIFT_OPTIMIZATION_LEVEL = "-Onone";
			};
			name = Debug;
		};
		8C06B8AD2AFAA9AD00E4734F /* Release */ = {
			isa = XCBuildConfiguration;
			buildSettings = {
				ALWAYS_SEARCH_USER_PATHS = NO;
				CLANG_ANALYZER_NONNULL = YES;
				CLANG_ANALYZER_NUMBER_OBJECT_CONVERSION = YES_AGGRESSIVE;
				CLANG_CXX_LANGUAGE_STANDARD = "gnu++20";
				CLANG_ENABLE_MODULES = YES;
				CLANG_ENABLE_OBJC_ARC = YES;
				CLANG_ENABLE_OBJC_WEAK = YES;
				CLANG_WARN_BLOCK_CAPTURE_AUTORELEASING = YES;
				CLANG_WARN_BOOL_CONVERSION = YES;
				CLANG_WARN_COMMA = YES;
				CLANG_WARN_CONSTANT_CONVERSION = YES;
				CLANG_WARN_DEPRECATED_OBJC_IMPLEMENTATIONS = YES;
				CLANG_WARN_DIRECT_OBJC_ISA_USAGE = YES_ERROR;
				CLANG_WARN_DOCUMENTATION_COMMENTS = YES;
				CLANG_WARN_EMPTY_BODY = YES;
				CLANG_WARN_ENUM_CONVERSION = YES;
				CLANG_WARN_INFINITE_RECURSION = YES;
				CLANG_WARN_INT_CONVERSION = YES;
				CLANG_WARN_NON_LITERAL_NULL_CONVERSION = YES;
				CLANG_WARN_OBJC_IMPLICIT_RETAIN_SELF = YES;
				CLANG_WARN_OBJC_LITERAL_CONVERSION = YES;
				CLANG_WARN_OBJC_ROOT_CLASS = YES_ERROR;
				CLANG_WARN_QUOTED_INCLUDE_IN_FRAMEWORK_HEADER = YES;
				CLANG_WARN_RANGE_LOOP_ANALYSIS = YES;
				CLANG_WARN_STRICT_PROTOTYPES = YES;
				CLANG_WARN_SUSPICIOUS_MOVE = YES;
				CLANG_WARN_UNGUARDED_AVAILABILITY = YES_AGGRESSIVE;
				CLANG_WARN_UNREACHABLE_CODE = YES;
				CLANG_WARN__DUPLICATE_METHOD_MATCH = YES;
				COPY_PHASE_STRIP = NO;
				DEBUG_INFORMATION_FORMAT = "dwarf-with-dsym";
				ENABLE_NS_ASSERTIONS = NO;
				ENABLE_STRICT_OBJC_MSGSEND = YES;
				GCC_C_LANGUAGE_STANDARD = gnu11;
				GCC_NO_COMMON_BLOCKS = YES;
				GCC_WARN_64_TO_32_BIT_CONVERSION = YES;
				GCC_WARN_ABOUT_RETURN_TYPE = YES_ERROR;
				GCC_WARN_UNDECLARED_SELECTOR = YES;
				GCC_WARN_UNINITIALIZED_AUTOS = YES_AGGRESSIVE;
				GCC_WARN_UNUSED_FUNCTION = YES;
				GCC_WARN_UNUSED_VARIABLE = YES;
				IPHONEOS_DEPLOYMENT_TARGET = 16.4;
				MTL_ENABLE_DEBUG_INFO = NO;
				MTL_FAST_MATH = YES;
				SDKROOT = iphoneos;
				SWIFT_COMPILATION_MODE = wholemodule;
				SWIFT_OPTIMIZATION_LEVEL = "-O";
				VALIDATE_PRODUCT = YES;
			};
			name = Release;
		};
		8C06B8AF2AFAA9AD00E4734F /* Debug */ = {
			isa = XCBuildConfiguration;
			buildSettings = {
				ASSETCATALOG_COMPILER_APPICON_NAME = AppIcon;
				ASSETCATALOG_COMPILER_GLOBAL_ACCENT_COLOR_NAME = AccentColor;
				CODE_SIGN_STYLE = Automatic;
				CURRENT_PROJECT_VERSION = 1;
				DEVELOPMENT_ASSET_PATHS = "\"random quran verse/Preview Content\"";
				DEVELOPMENT_TEAM = 55N9G92HC4;
				ENABLE_PREVIEWS = YES;
				GENERATE_INFOPLIST_FILE = YES;
				INFOPLIST_KEY_UIApplicationSceneManifest_Generation = YES;
				INFOPLIST_KEY_UIApplicationSupportsIndirectInputEvents = YES;
				INFOPLIST_KEY_UILaunchScreen_Generation = YES;
				INFOPLIST_KEY_UISupportedInterfaceOrientations_iPad = "UIInterfaceOrientationPortrait UIInterfaceOrientationPortraitUpsideDown UIInterfaceOrientationLandscapeLeft UIInterfaceOrientationLandscapeRight";
				INFOPLIST_KEY_UISupportedInterfaceOrientations_iPhone = "UIInterfaceOrientationPortrait UIInterfaceOrientationLandscapeLeft UIInterfaceOrientationLandscapeRight";
				LD_RUNPATH_SEARCH_PATHS = (
					"$(inherited)",
					"@executable_path/Frameworks",
				);
				MARKETING_VERSION = 1.0;
				PRODUCT_BUNDLE_IDENTIFIER = "yes.random-quran-verse";
				PRODUCT_NAME = "$(TARGET_NAME)";
				SWIFT_EMIT_LOC_STRINGS = YES;
				SWIFT_VERSION = 5.0;
				TARGETED_DEVICE_FAMILY = "1,2";
			};
			name = Debug;
		};
		8C06B8B02AFAA9AD00E4734F /* Release */ = {
			isa = XCBuildConfiguration;
			buildSettings = {
				ASSETCATALOG_COMPILER_APPICON_NAME = AppIcon;
				ASSETCATALOG_COMPILER_GLOBAL_ACCENT_COLOR_NAME = AccentColor;
				CODE_SIGN_STYLE = Automatic;
				CURRENT_PROJECT_VERSION = 1;
				DEVELOPMENT_ASSET_PATHS = "\"random quran verse/Preview Content\"";
				DEVELOPMENT_TEAM = 55N9G92HC4;
				ENABLE_PREVIEWS = YES;
				GENERATE_INFOPLIST_FILE = YES;
				INFOPLIST_KEY_UIApplicationSceneManifest_Generation = YES;
				INFOPLIST_KEY_UIApplicationSupportsIndirectInputEvents = YES;
				INFOPLIST_KEY_UILaunchScreen_Generation = YES;
				INFOPLIST_KEY_UISupportedInterfaceOrientations_iPad = "UIInterfaceOrientationPortrait UIInterfaceOrientationPortraitUpsideDown UIInterfaceOrientationLandscapeLeft UIInterfaceOrientationLandscapeRight";
				INFOPLIST_KEY_UISupportedInterfaceOrientations_iPhone = "UIInterfaceOrientationPortrait UIInterfaceOrientationLandscapeLeft UIInterfaceOrientationLandscapeRight";
				LD_RUNPATH_SEARCH_PATHS = (
					"$(inherited)",
					"@executable_path/Frameworks",
				);
				MARKETING_VERSION = 1.0;
				PRODUCT_BUNDLE_IDENTIFIER = "yes.random-quran-verse";
				PRODUCT_NAME = "$(TARGET_NAME)";
				SWIFT_EMIT_LOC_STRINGS = YES;
				SWIFT_VERSION = 5.0;
				TARGETED_DEVICE_FAMILY = "1,2";
			};
			name = Release;
		};
		8C06B8B22AFAA9AD00E4734F /* Debug */ = {
			isa = XCBuildConfiguration;
			buildSettings = {
				ALWAYS_EMBED_SWIFT_STANDARD_LIBRARIES = YES;
				BUNDLE_LOADER = "$(TEST_HOST)";
				CODE_SIGN_STYLE = Automatic;
				CURRENT_PROJECT_VERSION = 1;
				DEVELOPMENT_TEAM = 55N9G92HC4;
				GENERATE_INFOPLIST_FILE = YES;
				IPHONEOS_DEPLOYMENT_TARGET = 16.4;
				MARKETING_VERSION = 1.0;
				PRODUCT_BUNDLE_IDENTIFIER = "yes.random-quran-verseTests";
				PRODUCT_NAME = "$(TARGET_NAME)";
				SWIFT_EMIT_LOC_STRINGS = NO;
				SWIFT_VERSION = 5.0;
				TARGETED_DEVICE_FAMILY = "1,2";
				TEST_HOST = "$(BUILT_PRODUCTS_DIR)/random quran verse.app/$(BUNDLE_EXECUTABLE_FOLDER_PATH)/random quran verse";
			};
			name = Debug;
		};
		8C06B8B32AFAA9AD00E4734F /* Release */ = {
			isa = XCBuildConfiguration;
			buildSettings = {
				ALWAYS_EMBED_SWIFT_STANDARD_LIBRARIES = YES;
				BUNDLE_LOADER = "$(TEST_HOST)";
				CODE_SIGN_STYLE = Automatic;
				CURRENT_PROJECT_VERSION = 1;
				DEVELOPMENT_TEAM = 55N9G92HC4;
				GENERATE_INFOPLIST_FILE = YES;
				IPHONEOS_DEPLOYMENT_TARGET = 16.4;
				MARKETING_VERSION = 1.0;
				PRODUCT_BUNDLE_IDENTIFIER = "yes.random-quran-verseTests";
				PRODUCT_NAME = "$(TARGET_NAME)";
				SWIFT_EMIT_LOC_STRINGS = NO;
				SWIFT_VERSION = 5.0;
				TARGETED_DEVICE_FAMILY = "1,2";
				TEST_HOST = "$(BUILT_PRODUCTS_DIR)/random quran verse.app/$(BUNDLE_EXECUTABLE_FOLDER_PATH)/random quran verse";
			};
			name = Release;
		};
		8C06B8B52AFAA9AD00E4734F /* Debug */ = {
			isa = XCBuildConfiguration;
			buildSettings = {
				ALWAYS_EMBED_SWIFT_STANDARD_LIBRARIES = YES;
				CODE_SIGN_STYLE = Automatic;
				CURRENT_PROJECT_VERSION = 1;
				DEVELOPMENT_TEAM = 55N9G92HC4;
				GENERATE_INFOPLIST_FILE = YES;
				MARKETING_VERSION = 1.0;
				PRODUCT_BUNDLE_IDENTIFIER = "yes.random-quran-verseUITests";
				PRODUCT_NAME = "$(TARGET_NAME)";
				SWIFT_EMIT_LOC_STRINGS = NO;
				SWIFT_VERSION = 5.0;
				TARGETED_DEVICE_FAMILY = "1,2";
				TEST_TARGET_NAME = "random quran verse";
			};
			name = Debug;
		};
		8C06B8B62AFAA9AD00E4734F /* Release */ = {
			isa = XCBuildConfiguration;
			buildSettings = {
				ALWAYS_EMBED_SWIFT_STANDARD_LIBRARIES = YES;
				CODE_SIGN_STYLE = Automatic;
				CURRENT_PROJECT_VERSION = 1;
				DEVELOPMENT_TEAM = 55N9G92HC4;
				GENERATE_INFOPLIST_FILE = YES;
				MARKETING_VERSION = 1.0;
				PRODUCT_BUNDLE_IDENTIFIER = "yes.random-quran-verseUITests";
				PRODUCT_NAME = "$(TARGET_NAME)";
				SWIFT_EMIT_LOC_STRINGS = NO;
				SWIFT_VERSION = 5.0;
				TARGETED_DEVICE_FAMILY = "1,2";
				TEST_TARGET_NAME = "random quran verse";
			};
			name = Release;
		};
/* End XCBuildConfiguration section */

/* Begin XCConfigurationList section */
		8C06B87F2AFAA9AC00E4734F /* Build configuration list for PBXProject "random quran verse" */ = {
			isa = XCConfigurationList;
			buildConfigurations = (
				8C06B8AC2AFAA9AD00E4734F /* Debug */,
				8C06B8AD2AFAA9AD00E4734F /* Release */,
			);
			defaultConfigurationIsVisible = 0;
			defaultConfigurationName = Release;
		};
		8C06B8AE2AFAA9AD00E4734F /* Build configuration list for PBXNativeTarget "random quran verse" */ = {
			isa = XCConfigurationList;
			buildConfigurations = (
				8C06B8AF2AFAA9AD00E4734F /* Debug */,
				8C06B8B02AFAA9AD00E4734F /* Release */,
			);
			defaultConfigurationIsVisible = 0;
			defaultConfigurationName = Release;
		};
		8C06B8B12AFAA9AD00E4734F /* Build configuration list for PBXNativeTarget "random quran verseTests" */ = {
			isa = XCConfigurationList;
			buildConfigurations = (
				8C06B8B22AFAA9AD00E4734F /* Debug */,
				8C06B8B32AFAA9AD00E4734F /* Release */,
			);
			defaultConfigurationIsVisible = 0;
			defaultConfigurationName = Release;
		};
		8C06B8B42AFAA9AD00E4734F /* Build configuration list for PBXNativeTarget "random quran verseUITests" */ = {
			isa = XCConfigurationList;
			buildConfigurations = (
				8C06B8B52AFAA9AD00E4734F /* Debug */,
				8C06B8B62AFAA9AD00E4734F /* Release */,
			);
			defaultConfigurationIsVisible = 0;
			defaultConfigurationName = Release;
		};
/* End XCConfigurationList section */

/* Begin XCVersionGroup section */
		8C06B8922AFAA9AC00E4734F /* random_quran_verse.xcdatamodeld */ = {
			isa = XCVersionGroup;
			children = (
				8C06B8932AFAA9AC00E4734F /* random_quran_verse.xcdatamodel */,
			);
			currentVersion = 8C06B8932AFAA9AC00E4734F /* random_quran_verse.xcdatamodel */;
			path = random_quran_verse.xcdatamodeld;
			sourceTree = "<group>";
			versionGroupType = wrapper.xcdatamodel;
		};
/* End XCVersionGroup section */
	};
	rootObject = 8C06B87C2AFAA9AC00E4734F /* Project object */;
}
